
Microsoft Visual Studio Solution File, Format Version 12.00
# Visual Studio Version 16
VisualStudioVersion = 16.0.31410.357
MinimumVisualStudioVersion = 10.0.40219.1
Project("{FAE04EC0-301F-11D3-BF4B-00C04F79EFBC}") = "ExerciseHeranca", "ExerciseHeranca\ExerciseHeranca.csproj", "{78775E64-CD70-42E6-BEEE-80DD6171C802}"
EndProject
Global
	GlobalSection(SolutionConfigurationPlatforms) = preSolution
		Debug|Any CPU = Debug|Any CPU
		Release|Any CPU = Release|Any CPU
	EndGlobalSection
	GlobalSection(ProjectConfigurationPlatforms) = postSolution
		{78775E64-CD70-42E6-BEEE-80DD6171C802}.Debug|Any CPU.ActiveCfg = Debug|Any CPU
		{78775E64-CD70-42E6-BEEE-80DD6171C802}.Debug|Any CPU.Build.0 = Debug|Any CPU
		{78775E64-CD70-42E6-BEEE-80DD6171C802}.Release|Any CPU.ActiveCfg = Release|Any CPU
		{78775E64-CD70-42E6-BEEE-80DD6171C802}.Release|Any CPU.Build.0 = Release|Any CPU
	EndGlobalSection
	GlobalSection(SolutionProperties) = preSolution
		HideSolutionNode = FALSE
	EndGlobalSection
	GlobalSection(ExtensibilityGlobals) = postSolution
		SolutionGuid = {2E3321BB-8A7E-4353-968D-3EE3022DA7FB}
	EndGlobalSection
EndGlobal
